{
  "requires": true,
  "lockfileVersion": 1,
  "dependencies": {
    "appivo-customized-cordova-plugin-local-notifications": {
      "version": "1.1.8",
      "resolved": "https://registry.npmjs.org/appivo-customized-cordova-plugin-local-notifications/-/appivo-customized-cordova-plugin-local-notifications-1.1.8.tgz",
      "integrity": "sha512-8gTJcm2prqa3TMZzn/XOyp8epFn/2qnSo6A+PILILrKrOdp0mx4JORlBAl6j+V/8G1us6pGE+vC4MRSdRw2F8g==",
      "dev": true
    },
    "cordova-android-play-services-gradle-release": {
      "version": "4.0.0",
      "resolved": "https://registry.npmjs.org/cordova-android-play-services-gradle-release/-/cordova-android-play-services-gradle-release-4.0.0.tgz",
      "integrity": "sha512-HFckSz7tTlz6QHcyBKaCiybWbbIXBKaZ/9MZAI/aJ2GK4Sis008ycHSPAcPKyYoJPTDUhBZ/SVoqxlBRQjhgtg==",
      "dev": true,
      "requires": {
        "q": "^1.4.1",
        "semver": "5.6.0",
        "xml2js": "^0.4.16"
      }
    },
    "cordova-plugin-android-permissions": {
      "version": "1.0.2",
      "resolved": "https://registry.npmjs.org/cordova-plugin-android-permissions/-/cordova-plugin-android-permissions-1.0.2.tgz",
      "integrity": "sha512-Eb7Cf3lk9RydSYqmUzBAEVTT/EU+opV2yvyqkgZZAB/RVfHxsla/1wzHq0PBwAFjHIrxBAGZrOpJFVKc1SxtuA==",
      "dev": true
    },
    "cordova-plugin-app-version": {
      "version": "0.1.9",
      "resolved": "https://registry.npmjs.org/cordova-plugin-app-version/-/cordova-plugin-app-version-0.1.9.tgz",
      "integrity": "sha1-nbBgeGMzenEEiTAuX1CpBPFEm9s=",
      "dev": true
    },
    "cordova-plugin-appcenter-analytics": {
      "version": "0.5.1",
      "resolved": "https://registry.npmjs.org/cordova-plugin-appcenter-analytics/-/cordova-plugin-appcenter-analytics-0.5.1.tgz",
      "integrity": "sha512-at9qN/ogjxe+PtUE93uKJOnHRojazjUm0ncLiGe48SYENOQOyL6nMyLTws+neuDnn9OVYNiPOvPVQuGjvWJYHg==",
      "dev": true
    },
    "cordova-plugin-appcenter-crashes": {
      "version": "0.5.1",
      "resolved": "https://registry.npmjs.org/cordova-plugin-appcenter-crashes/-/cordova-plugin-appcenter-crashes-0.5.1.tgz",
      "integrity": "sha512-PCRCFoR5tUL2NoGRXYpKnJdtKAlRMZava8qOu/hH2uicGg+BHcF3IlZka2TSjJM1Sho3LIWgTgTMSds5i3OqEQ==",
      "dev": true
    },
    "cordova-plugin-badge": {
      "version": "0.8.8",
      "resolved": "https://registry.npmjs.org/cordova-plugin-badge/-/cordova-plugin-badge-0.8.8.tgz",
      "integrity": "sha512-RhIBtd5xhD/iLnxjt35jvOae28oNW/wtMZBOmQR3Rf0y4wirvA1bpAZEhBoFqL+rZGhsd6ddOdQXdex1T0DRyQ==",
      "dev": true
    },
    "cordova-plugin-device": {
      "version": "1.1.7",
      "resolved": "https://registry.npmjs.org/cordova-plugin-device/-/cordova-plugin-device-1.1.7.tgz",
      "integrity": "sha1-/JQRG+aTJijGaGiTjd89yCyfv+Y=",
      "dev": true
    },
    "cordova-plugin-downloadmanager": {
      "version": "git+https://github.com/vasani-arpit/cordova-plugin-downloadmanager.git#9001c02eb367683afda12c64b8776032b4c7ba58",
      "from": "git+https://github.com/vasani-arpit/cordova-plugin-downloadmanager.git",
      "dev": true
    },
    "cordova-plugin-file": {
      "version": "6.0.2",
      "resolved": "https://registry.npmjs.org/cordova-plugin-file/-/cordova-plugin-file-6.0.2.tgz",
      "integrity": "sha512-m7cughw327CjONN/qjzsTpSesLaeybksQh420/gRuSXJX5Zt9NfgsSbqqKDon6jnQ9Mm7h7imgyO2uJ34XMBtA==",
      "dev": true
    },
    "cordova-plugin-file-downloader": {
      "version": "0.4.0",
      "resolved": "https://registry.npmjs.org/cordova-plugin-file-downloader/-/cordova-plugin-file-downloader-0.4.0.tgz",
      "integrity": "sha512-4y260DoKp9aFnij/tdULrz4nu64Ln+wffZgjQfXd60GmhMCjhZ2PBn8Wt2TTIn0gPiOyNF9XVjxBWJ31ZVh+zw==",
      "dev": true
    },
    "cordova-plugin-file-transfer": {
      "version": "1.7.1",
      "resolved": "https://registry.npmjs.org/cordova-plugin-file-transfer/-/cordova-plugin-file-transfer-1.7.1.tgz",
      "integrity": "sha1-p12L4uvDu5sjxbG70ZkhTsJnWGs=",
      "dev": true
    },
    "cordova-plugin-globalization": {
      "version": "1.0.9",
      "resolved": "https://registry.npmjs.org/cordova-plugin-globalization/-/cordova-plugin-globalization-1.0.9.tgz",
      "integrity": "sha1-RluZmP7qC4iIRNCc19oCv6Jst6M=",
      "dev": true
    },
    "cordova-plugin-inappbrowser": {
      "version": "3.1.0",
      "resolved": "https://registry.npmjs.org/cordova-plugin-inappbrowser/-/cordova-plugin-inappbrowser-3.1.0.tgz",
      "integrity": "sha512-YqrZfYgbGTS20SFID0mrRxud312VH072QVlFonCAkPgtGg1Svy7lELOCNFd+KU7t4mVtZeTEjZPEeefvjaetwQ==",
      "dev": true
    },
    "cordova-plugin-network-information": {
      "version": "1.3.4",
      "resolved": "https://registry.npmjs.org/cordova-plugin-network-information/-/cordova-plugin-network-information-1.3.4.tgz",
      "integrity": "sha1-KPQmzCZZF03GIqBxgPm6DYVfc4M=",
      "dev": true
    },
    "cordova-plugin-splashscreen": {
      "version": "6.0.0",
      "resolved": "https://registry.npmjs.org/cordova-plugin-splashscreen/-/cordova-plugin-splashscreen-6.0.0.tgz",
      "integrity": "sha512-pm4ZtJKQY4bCGXVeIInbGrXilryTevYSKgfvoQJpW9UClOWKAxSsYf2/4G2u1vcn492svOSL42OSa2MhujBWEQ==",
      "dev": true
    },
    "cordova-plugin-x-socialsharing": {
      "version": "5.6.0",
      "resolved": "https://registry.npmjs.org/cordova-plugin-x-socialsharing/-/cordova-plugin-x-socialsharing-5.6.0.tgz",
      "integrity": "sha512-z/8XqFf9tK34gIv3TA+FwNwyLX3Wv5cCi/74/HpfP30dAjwTpFzFXXeoWhpckJwDGTKoP3DnBCZLGKuo4kxBfQ==",
      "dev": true
    },
    "cordova-support-google-services": {
      "version": "1.4.1",
      "resolved": "https://registry.npmjs.org/cordova-support-google-services/-/cordova-support-google-services-1.4.1.tgz",
      "integrity": "sha512-1VgF9kFCOMbzgdnsDtSKaYGmWXmeciGP8+N0wTcTkL2m6Qrs1xZ82NiYEJYXe7BjHad2d06liWThqQv7iXt5HA==",
      "dev": true
    },
    "cordova-universal-clipboard": {
      "version": "0.1.0",
      "resolved": "https://registry.npmjs.org/cordova-universal-clipboard/-/cordova-universal-clipboard-0.1.0.tgz",
      "integrity": "sha1-IWfLRpPjrqG6uoRDdXk6K8lEpXc=",
      "dev": true
    },
    "q": {
      "version": "1.5.1",
      "resolved": "https://registry.npmjs.org/q/-/q-1.5.1.tgz",
      "integrity": "sha1-fjL3W0E4EpHQRhHxvxQQmsAGUdc=",
      "dev": true
    },
    "sax": {
      "version": "1.2.4",
      "resolved": "https://registry.npmjs.org/sax/-/sax-1.2.4.tgz",
      "integrity": "sha512-NqVDv9TpANUjFm0N8uM5GxL36UgKi9/atZw+x7YFnQ8ckwFGKrl4xX4yWtrey3UJm5nP1kUbnYgLopqWNSRhWw==",
      "dev": true
    },
    "semver": {
      "version": "5.6.0",
      "resolved": "https://registry.npmjs.org/semver/-/semver-5.6.0.tgz",
      "integrity": "sha512-RS9R6R35NYgQn++fkDWaOmqGoj4Ek9gGs+DPxNUZKuwE183xjJroKvyo1IzVFeXvUrvmALy6FWD5xrdJT25gMg==",
      "dev": true
    },
    "xml2js": {
      "version": "0.4.23",
      "resolved": "https://registry.npmjs.org/xml2js/-/xml2js-0.4.23.tgz",
      "integrity": "sha512-ySPiMjM0+pLDftHgXY4By0uswI3SPKLDw/i3UXbnO8M/p28zqexCUoPmQFrYD+/1BzhGJSs2i1ERWKJAtiLrug==",
      "dev": true,
      "requires": {
        "sax": ">=0.6.0",
        "xmlbuilder": "~11.0.0"
      }
    },
    "xmlbuilder": {
      "version": "11.0.1",
      "resolved": "https://registry.npmjs.org/xmlbuilder/-/xmlbuilder-11.0.1.tgz",
      "integrity": "sha512-fDlsI/kFEx7gLvbecc0/ohLG50fugQp8ryHzMTuW9vSa1GJ0XYWKnhsUx7oie3G98+r56aTQIUB4kht42R3JvA==",
      "dev": true
    }
  }
}
